{
  "name": "VPS-sarvaga",
  "lockfileVersion": 3,
  "requires": true,
  "packages": {
    "": {
      "dependencies": {
        "auth0": "^4.6.0",
        "env": "^0.0.2"
      }
    },
    "node_modules/auth0": {
      "version": "4.6.0",
      "resolved": "https://registry.npmjs.org/auth0/-/auth0-4.6.0.tgz",
      "integrity": "sha512-ytdx8jVuuzXdyXklmLSF/d7FieDwmC+ujizSX2aFOvDvRU08PlkaG22d9yd01MfkbWng4/QpuA79Tglh04Ik1Q==",
      "dependencies": {
        "jose": "^4.13.2",
        "undici-types": "^6.15.0",
        "uuid": "^9.0.0"
      },
      "engines": {
        "node": ">=18"
      }
    },
    "node_modules/env": {
      "version": "0.0.2",
      "resolved": "https://registry.npmjs.org/env/-/env-0.0.2.tgz",
      "integrity": "sha512-yP8LfjO4ughSHD/3HgLPinWzexmaOGvRfs2TFx0SZhOm7j1xPi9evjuGcLiNVHIGLmcsgMak4eDbBzlYqGIVxw==",
      "engines": {
        "node": ">= 0.5.9"
      }
    },
    "node_modules/jose": {
      "version": "4.15.7",
      "resolved": "https://registry.npmjs.org/jose/-/jose-4.15.7.tgz",
      "integrity": "sha512-L7ioP+JAuZe8v+T5+zVI9Tx8LtU8BL7NxkyDFVMv+Qr3JW0jSoYDedLtodaXwfqMpeCyx4WXFNyu9tJt4WvC1A==",
      "funding": {
        "url": "https://github.com/sponsors/panva"
      }
    },
    "node_modules/undici-types": {
      "version": "6.19.2",
      "resolved": "https://registry.npmjs.org/undici-types/-/undici-types-6.19.2.tgz",
      "integrity": "sha512-jvI+p8VJnrOIQ8AU4PyB1ytW68EyrLnI2xvCO3e5umm3nmhNjpugMD1wo+X994PyvUT9dWS/k3vO1wwRIh730Q=="
    },
    "node_modules/uuid": {
      "version": "9.0.1",
      "resolved": "https://registry.npmjs.org/uuid/-/uuid-9.0.1.tgz",
      "integrity": "sha512-b+1eJOlsR9K8HJpow9Ok3fiWOWSIcIzXodvv0rQjVoOVNpWMpxf1wZNpt4y9h10odCNrqnYp1OBzRktckBe3sA==",
      "funding": [
        "https://github.com/sponsors/broofa",
        "https://github.com/sponsors/ctavan"
      ],
      "bin": {
        "uuid": "dist/bin/uuid"
      }
    }
  }
}
